
Microsoft Visual Studio Solution File, Format Version 12.00
# Visual Studio 2015
Project("{FAE04EC0-301F-11D3-BF4B-00C04F79EFBC}") = "Samurai_No_Ibuki.CSharp", "Samurai_No_Ibuki.CSharp.csproj", "{52AEB9D0-997C-61CE-1F1E-EBFC5C1BC2E2}"
EndProject
Global
	GlobalSection(SolutionConfigurationPlatforms) = preSolution
		Debug|Any CPU = Debug|Any CPU
		Release|Any CPU = Release|Any CPU
	EndGlobalSection
	GlobalSection(ProjectConfigurationPlatforms) = postSolution
		{52AEB9D0-997C-61CE-1F1E-EBFC5C1BC2E2}.Debug|Any CPU.ActiveCfg = Debug|Any CPU
		{52AEB9D0-997C-61CE-1F1E-EBFC5C1BC2E2}.Debug|Any CPU.Build.0 = Debug|Any CPU
		{52AEB9D0-997C-61CE-1F1E-EBFC5C1BC2E2}.Release|Any CPU.ActiveCfg = Release|Any CPU
		{52AEB9D0-997C-61CE-1F1E-EBFC5C1BC2E2}.Release|Any CPU.Build.0 = Release|Any CPU
	EndGlobalSection
	GlobalSection(SolutionProperties) = preSolution
		HideSolutionNode = FALSE
	EndGlobalSection
EndGlobal
