
Microsoft Visual Studio Solution File, Format Version 12.00
# Visual Studio 2015
Project("{FAE04EC0-301F-11D3-BF4B-00C04F79EFBC}") = "Samurai_No_Ibuki", "Samurai_No_Ibuki.csproj", "{CADF8090-5D82-19CC-CACD-3A4D50F19346}"
EndProject
Global
	GlobalSection(SolutionConfigurationPlatforms) = preSolution
		Debug|Any CPU = Debug|Any CPU
		Release|Any CPU = Release|Any CPU
	EndGlobalSection
	GlobalSection(ProjectConfigurationPlatforms) = postSolution
		{CADF8090-5D82-19CC-CACD-3A4D50F19346}.Debug|Any CPU.ActiveCfg = Debug|Any CPU
		{CADF8090-5D82-19CC-CACD-3A4D50F19346}.Debug|Any CPU.Build.0 = Debug|Any CPU
		{CADF8090-5D82-19CC-CACD-3A4D50F19346}.Release|Any CPU.ActiveCfg = Release|Any CPU
		{CADF8090-5D82-19CC-CACD-3A4D50F19346}.Release|Any CPU.Build.0 = Release|Any CPU
	EndGlobalSection
	GlobalSection(SolutionProperties) = preSolution
		HideSolutionNode = FALSE
	EndGlobalSection
EndGlobal
